// !$*UTF8*$!
{
	archiveVersion = 1;
	classes = {
	};
	objectVersion = 46;
	objects = {

/* Begin PBXBuildFile section */
		019F3093189E98B6007210C8 /* Foundation.framework in Frameworks */ = {isa = PBXBuildFile; fileRef = 019F3092189E98B6007210C8 /* Foundation.framework */; };
		019F3095189E98B6007210C8 /* CoreGraphics.framework in Frameworks */ = {isa = PBXBuildFile; fileRef = 019F3094189E98B6007210C8 /* CoreGraphics.framework */; };
		019F3097189E98B6007210C8 /* UIKit.framework in Frameworks */ = {isa = PBXBuildFile; fileRef = 019F3096189E98B6007210C8 /* UIKit.framework */; };
		019F309D189E98B6007210C8 /* InfoPlist.strings in Resources */ = {isa = PBXBuildFile; fileRef = 019F309B189E98B6007210C8 /* InfoPlist.strings */; };
		019F309F189E98B6007210C8 /* main.m in Sources */ = {isa = PBXBuildFile; fileRef = 019F309E189E98B6007210C8 /* main.m */; };
		019F30A3189E98B6007210C8 /* HypnosisterAppDelegate.m in Sources */ = {isa = PBXBuildFile; fileRef = 019F30A2189E98B6007210C8 /* HypnosisterAppDelegate.m */; };
		019F30A5189E98B6007210C8 /* Images.xcassets in Resources */ = {isa = PBXBuildFile; fileRef = 019F30A4189E98B6007210C8 /* Images.xcassets */; };
		019F30AC189E98B6007210C8 /* XCTest.framework in Frameworks */ = {isa = PBXBuildFile; fileRef = 019F30AB189E98B6007210C8 /* XCTest.framework */; };
		019F30AD189E98B6007210C8 /* Foundation.framework in Frameworks */ = {isa = PBXBuildFile; fileRef = 019F3092189E98B6007210C8 /* Foundation.framework */; };
		019F30AE189E98B6007210C8 /* UIKit.framework in Frameworks */ = {isa = PBXBuildFile; fileRef = 019F3096189E98B6007210C8 /* UIKit.framework */; };
		019F30B6189E98B6007210C8 /* InfoPlist.strings in Resources */ = {isa = PBXBuildFile; fileRef = 019F30B4189E98B6007210C8 /* InfoPlist.strings */; };
		019F30B8189E98B6007210C8 /* HypnosisterTests.m in Sources */ = {isa = PBXBuildFile; fileRef = 019F30B7189E98B6007210C8 /* HypnosisterTests.m */; };
/* End PBXBuildFile section */

/* Begin PBXContainerItemProxy section */
		019F30AF189E98B6007210C8 /* PBXContainerItemProxy */ = {
			isa = PBXContainerItemProxy;
			containerPortal = 019F3087189E98B6007210C8 /* Project object */;
			proxyType = 1;
			remoteGlobalIDString = 019F308E189E98B6007210C8;
			remoteInfo = Hypnosister;
		};
/* End PBXContainerItemProxy section */

/* Begin PBXFileReference section */
		019F308F189E98B6007210C8 /* Hypnosister.app */ = {isa = PBXFileReference; explicitFileType = wrapper.application; includeInIndex = 0; path = Hypnosister.app; sourceTree = BUILT_PRODUCTS_DIR; };
		019F3092189E98B6007210C8 /* Foundation.framework */ = {isa = PBXFileReference; lastKnownFileType = wrapper.framework; name = Foundation.framework; path = System/Library/Frameworks/Foundation.framework; sourceTree = SDKROOT; };
		019F3094189E98B6007210C8 /* CoreGraphics.framework */ = {isa = PBXFileReference; lastKnownFileType = wrapper.framework; name = CoreGraphics.framework; path = System/Library/Frameworks/CoreGraphics.framework; sourceTree = SDKROOT; };
		019F3096189E98B6007210C8 /* UIKit.framework */ = {isa = PBXFileReference; lastKnownFileType = wrapper.framework; name = UIKit.framework; path = System/Library/Frameworks/UIKit.framework; sourceTree = SDKROOT; };
		019F309A189E98B6007210C8 /* Hypnosister-Info.plist */ = {isa = PBXFileReference; lastKnownFileType = text.plist.xml; path = "Hypnosister-Info.plist"; sourceTree = "<group>"; };
		019F309C189E98B6007210C8 /* en */ = {isa = PBXFileReference; lastKnownFileType = text.plist.strings; name = en; path = en.lproj/InfoPlist.strings; sourceTree = "<group>"; };
		019F309E189E98B6007210C8 /* main.m */ = {isa = PBXFileReference; lastKnownFileType = sourcecode.c.objc; path = main.m; sourceTree = "<group>"; };
		019F30A0189E98B6007210C8 /* Hypnosister-Prefix.pch */ = {isa = PBXFileReference; lastKnownFileType = sourcecode.c.h; path = "Hypnosister-Prefix.pch"; sourceTree = "<group>"; };
		019F30A1189E98B6007210C8 /* HypnosisterAppDelegate.h */ = {isa = PBXFileReference; lastKnownFileType = sourcecode.c.h; path = HypnosisterAppDelegate.h; sourceTree = "<group>"; };
		019F30A2189E98B6007210C8 /* HypnosisterAppDelegate.m */ = {isa = PBXFileReference; lastKnownFileType = sourcecode.c.objc; path = HypnosisterAppDelegate.m; sourceTree = "<group>"; };
		019F30A4189E98B6007210C8 /* Images.xcassets */ = {isa = PBXFileReference; lastKnownFileType = folder.assetcatalog; path = Images.xcassets; sourceTree = "<group>"; };
		019F30AA189E98B6007210C8 /* HypnosisterTests.xctest */ = {isa = PBXFileReference; explicitFileType = wrapper.cfbundle; includeInIndex = 0; path = HypnosisterTests.xctest; sourceTree = BUILT_PRODUCTS_DIR; };
		019F30AB189E98B6007210C8 /* XCTest.framework */ = {isa = PBXFileReference; lastKnownFileType = wrapper.framework; name = XCTest.framework; path = Library/Frameworks/XCTest.framework; sourceTree = DEVELOPER_DIR; };
		019F30B3189E98B6007210C8 /* HypnosisterTests-Info.plist */ = {isa = PBXFileReference; lastKnownFileType = text.plist.xml; path = "HypnosisterTests-Info.plist"; sourceTree = "<group>"; };
		019F30B5189E98B6007210C8 /* en */ = {isa = PBXFileReference; lastKnownFileType = text.plist.strings; name = en; path = en.lproj/InfoPlist.strings; sourceTree = "<group>"; };
		019F30B7189E98B6007210C8 /* HypnosisterTests.m */ = {isa = PBXFileReference; lastKnownFileType = sourcecode.c.objc; path = HypnosisterTests.m; sourceTree = "<group>"; };
/* End PBXFileReference section */

/* Begin PBXFrameworksBuildPhase section */
		019F308C189E98B6007210C8 /* Frameworks */ = {
			isa = PBXFrameworksBuildPhase;
			buildActionMask = 2147483647;
			files = (
				019F3095189E98B6007210C8 /* CoreGraphics.framework in Frameworks */,
				019F3097189E98B6007210C8 /* UIKit.framework in Frameworks */,
				019F3093189E98B6007210C8 /* Foundation.framework in Frameworks */,
			);
			runOnlyForDeploymentPostprocessing = 0;
		};
		019F30A7189E98B6007210C8 /* Frameworks */ = {
			isa = PBXFrameworksBuildPhase;
			buildActionMask = 2147483647;
			files = (
				019F30AC189E98B6007210C8 /* XCTest.framework in Frameworks */,
				019F30AE189E98B6007210C8 /* UIKit.framework in Frameworks */,
				019F30AD189E98B6007210C8 /* Foundation.framework in Frameworks */,
			);
			runOnlyForDeploymentPostprocessing = 0;
		};
/* End PBXFrameworksBuildPhase section */

/* Begin PBXGroup section */
		019F3086189E98B6007210C8 = {
			isa = PBXGroup;
			children = (
				019F3098189E98B6007210C8 /* Hypnosister */,
				019F30B1189E98B6007210C8 /* HypnosisterTests */,
				019F3091189E98B6007210C8 /* Frameworks */,
				019F3090189E98B6007210C8 /* Products */,
			);
			sourceTree = "<group>";
		};
		019F3090189E98B6007210C8 /* Products */ = {
			isa = PBXGroup;
			children = (
				019F308F189E98B6007210C8 /* Hypnosister.app */,
				019F30AA189E98B6007210C8 /* HypnosisterTests.xctest */,
			);
			name = Products;
			sourceTree = "<group>";
		};
		019F3091189E98B6007210C8 /* Frameworks */ = {
			isa = PBXGroup;
			children = (
				019F3092189E98B6007210C8 /* Foundation.framework */,
				019F3094189E98B6007210C8 /* CoreGraphics.framework */,
				019F3096189E98B6007210C8 /* UIKit.framework */,
				019F30AB189E98B6007210C8 /* XCTest.framework */,
			);
			name = Frameworks;
			sourceTree = "<group>";
		};
		019F3098189E98B6007210C8 /* Hypnosister */ = {
			isa = PBXGroup;
			children = (
				019F30A1189E98B6007210C8 /* HypnosisterAppDelegate.h */,
				019F30A2189E98B6007210C8 /* HypnosisterAppDelegate.m */,
				019F30A4189E98B6007210C8 /* Images.xcassets */,
				019F3099189E98B6007210C8 /* Supporting Files */,
			);
			path = Hypnosister;
			sourceTree = "<group>";
		};
		019F3099189E98B6007210C8 /* Supporting Files */ = {
			isa = PBXGroup;
			children = (
				019F309A189E98B6007210C8 /* Hypnosister-Info.plist */,
				019F309B189E98B6007210C8 /* InfoPlist.strings */,
				019F309E189E98B6007210C8 /* main.m */,
				019F30A0189E98B6007210C8 /* Hypnosister-Prefix.pch */,
			);
			name = "Supporting Files";
			sourceTree = "<group>";
		};
		019F30B1189E98B6007210C8 /* HypnosisterTests */ = {
			isa = PBXGroup;
			children = (
				019F30B7189E98B6007210C8 /* HypnosisterTests.m */,
				019F30B2189E98B6007210C8 /* Supporting Files */,
			);
			path = HypnosisterTests;
			sourceTree = "<group>";
		};
		019F30B2189E98B6007210C8 /* Supporting Files */ = {
			isa = PBXGroup;
			children = (
				019F30B3189E98B6007210C8 /* HypnosisterTests-Info.plist */,
				019F30B4189E98B6007210C8 /* InfoPlist.strings */,
			);
			name = "Supporting Files";
			sourceTree = "<group>";
		};
/* End PBXGroup section */

/* Begin PBXNativeTarget section */
		019F308E189E98B6007210C8 /* Hypnosister */ = {
			isa = PBXNativeTarget;
			buildConfigurationList = 019F30BB189E98B6007210C8 /* Build configuration list for PBXNativeTarget "Hypnosister" */;
			buildPhases = (
				019F308B189E98B6007210C8 /* Sources */,
				019F308C189E98B6007210C8 /* Frameworks */,
				019F308D189E98B6007210C8 /* Resources */,
			);
			buildRules = (
			);
			dependencies = (
			);
			name = Hypnosister;
			productName = Hypnosister;
			productReference = 019F308F189E98B6007210C8 /* Hypnosister.app */;
			productType = "com.apple.product-type.application";
		};
		019F30A9189E98B6007210C8 /* HypnosisterTests */ = {
			isa = PBXNativeTarget;
			buildConfigurationList = 019F30BE189E98B6007210C8 /* Build configuration list for PBXNativeTarget "HypnosisterTests" */;
			buildPhases = (
				019F30A6189E98B6007210C8 /* Sources */,
				019F30A7189E98B6007210C8 /* Frameworks */,
				019F30A8189E98B6007210C8 /* Resources */,
			);
			buildRules = (
			);
			dependencies = (
				019F30B0189E98B6007210C8 /* PBXTargetDependency */,
			);
			name = HypnosisterTests;
			productName = HypnosisterTests;
			productReference = 019F30AA189E98B6007210C8 /* HypnosisterTests.xctest */;
			productType = "com.apple.product-type.bundle.unit-test";
		};
/* End PBXNativeTarget section */

/* Begin PBXProject section */
		019F3087189E98B6007210C8 /* Project object */ = {
			isa = PBXProject;
			attributes = {
				CLASSPREFIX = Hypnosister;
				LastUpgradeCheck = 0500;
				ORGANIZATIONNAME = "Lesko, Dereck";
				TargetAttributes = {
					019F30A9189E98B6007210C8 = {
						TestTargetID = 019F308E189E98B6007210C8;
					};
				};
			};
			buildConfigurationList = 019F308A189E98B6007210C8 /* Build configuration list for PBXProject "Hypnosister" */;
			compatibilityVersion = "Xcode 3.2";
			developmentRegion = English;
			hasScannedForEncodings = 0;
			knownRegions = (
				en,
			);
			mainGroup = 019F3086189E98B6007210C8;
			productRefGroup = 019F3090189E98B6007210C8 /* Products */;
			projectDirPath = "";
			projectRoot = "";
			targets = (
				019F308E189E98B6007210C8 /* Hypnosister */,
				019F30A9189E98B6007210C8 /* HypnosisterTests */,
			);
		};
/* End PBXProject section */

/* Begin PBXResourcesBuildPhase section */
		019F308D189E98B6007210C8 /* Resources */ = {
			isa = PBXResourcesBuildPhase;
			buildActionMask = 2147483647;
			files = (
				019F309D189E98B6007210C8 /* InfoPlist.strings in Resources */,
				019F30A5189E98B6007210C8 /* Images.xcassets in Resources */,
			);
			runOnlyForDeploymentPostprocessing = 0;
		};
		019F30A8189E98B6007210C8 /* Resources */ = {
			isa = PBXResourcesBuildPhase;
			buildActionMask = 2147483647;
			files = (
				019F30B6189E98B6007210C8 /* InfoPlist.strings in Resources */,
			);
			runOnlyForDeploymentPostprocessing = 0;
		};
/* End PBXResourcesBuildPhase section */

/* Begin PBXSourcesBuildPhase section */
		019F308B189E98B6007210C8 /* Sources */ = {
			isa = PBXSourcesBuildPhase;
			buildActionMask = 2147483647;
			files = (
				019F309F189E98B6007210C8 /* main.m in Sources */,
				019F30A3189E98B6007210C8 /* HypnosisterAppDelegate.m in Sources */,
			);
			runOnlyForDeploymentPostprocessing = 0;
		};
		019F30A6189E98B6007210C8 /* Sources */ = {
			isa = PBXSourcesBuildPhase;
			buildActionMask = 2147483647;
			files = (
				019F30B8189E98B6007210C8 /* HypnosisterTests.m in Sources */,
			);
			runOnlyForDeploymentPostprocessing = 0;
		};
/* End PBXSourcesBuildPhase section */

/* Begin PBXTargetDependency section */
		019F30B0189E98B6007210C8 /* PBXTargetDependency */ = {
			isa = PBXTargetDependency;
			target = 019F308E189E98B6007210C8 /* Hypnosister */;
			targetProxy = 019F30AF189E98B6007210C8 /* PBXContainerItemProxy */;
		};
/* End PBXTargetDependency section */

/* Begin PBXVariantGroup section */
		019F309B189E98B6007210C8 /* InfoPlist.strings */ = {
			isa = PBXVariantGroup;
			children = (
				019F309C189E98B6007210C8 /* en */,
			);
			name = InfoPlist.strings;
			sourceTree = "<group>";
		};
		019F30B4189E98B6007210C8 /* InfoPlist.strings */ = {
			isa = PBXVariantGroup;
			children = (
				019F30B5189E98B6007210C8 /* en */,
			);
			name = InfoPlist.strings;
			sourceTree = "<group>";
		};
/* End PBXVariantGroup section */

/* Begin XCBuildConfiguration section */
		019F30B9189E98B6007210C8 /* Debug */ = {
			isa = XCBuildConfiguration;
			buildSettings = {
				ALWAYS_SEARCH_USER_PATHS = NO;
				ARCHS = "$(ARCHS_STANDARD_INCLUDING_64_BIT)";
				CLANG_CXX_LANGUAGE_STANDARD = "gnu++0x";
				CLANG_CXX_LIBRARY = "libc++";
				CLANG_ENABLE_MODULES = YES;
				CLANG_ENABLE_OBJC_ARC = YES;
				CLANG_WARN_BOOL_CONVERSION = YES;
				CLANG_WARN_CONSTANT_CONVERSION = YES;
				CLANG_WARN_DIRECT_OBJC_ISA_USAGE = YES_ERROR;
				CLANG_WARN_EMPTY_BODY = YES;
				CLANG_WARN_ENUM_CONVERSION = YES;
				CLANG_WARN_INT_CONVERSION = YES;
				CLANG_WARN_OBJC_ROOT_CLASS = YES_ERROR;
				CLANG_WARN__DUPLICATE_METHOD_MATCH = YES;
				"CODE_SIGN_IDENTITY[sdk=iphoneos*]" = "iPhone Developer";
				COPY_PHASE_STRIP = NO;
				GCC_C_LANGUAGE_STANDARD = gnu99;
				GCC_DYNAMIC_NO_PIC = NO;
				GCC_OPTIMIZATION_LEVEL = 0;
				GCC_PREPROCESSOR_DEFINITIONS = (
					"DEBUG=1",
					"$(inherited)",
				);
				GCC_SYMBOLS_PRIVATE_EXTERN = NO;
				GCC_WARN_64_TO_32_BIT_CONVERSION = YES;
				GCC_WARN_ABOUT_RETURN_TYPE = YES_ERROR;
				GCC_WARN_UNDECLARED_SELECTOR = YES;
				GCC_WARN_UNINITIALIZED_AUTOS = YES;
				GCC_WARN_UNUSED_FUNCTION = YES;
				GCC_WARN_UNUSED_VARIABLE = YES;
				IPHONEOS_DEPLOYMENT_TARGET = 7.0;
				ONLY_ACTIVE_ARCH = YES;
				SDKROOT = iphoneos;
			};
			name = Debug;
		};
		019F30BA189E98B6007210C8 /* Release */ = {
			isa = XCBuildConfiguration;
			buildSettings = {
				ALWAYS_SEARCH_USER_PATHS = NO;
				ARCHS = "$(ARCHS_STANDARD_INCLUDING_64_BIT)";
				CLANG_CXX_LANGUAGE_STANDARD = "gnu++0x";
				CLANG_CXX_LIBRARY = "libc++";
				CLANG_ENABLE_MODULES = YES;
				CLANG_ENABLE_OBJC_ARC = YES;
				CLANG_WARN_BOOL_CONVERSION = YES;
				CLANG_WARN_CONSTANT_CONVERSION = YES;
				CLANG_WARN_DIRECT_OBJC_ISA_USAGE = YES_ERROR;
				CLANG_WARN_EMPTY_BODY = YES;
				CLANG_WARN_ENUM_CONVERSION = YES;
				CLANG_WARN_INT_CONVERSION = YES;
				CLANG_WARN_OBJC_ROOT_CLASS = YES_ERROR;
				CLANG_WARN__DUPLICATE_METHOD_MATCH = YES;
				"CODE_SIGN_IDENTITY[sdk=iphoneos*]" = "iPhone Developer";
				COPY_PHASE_STRIP = YES;
				ENABLE_NS_ASSERTIONS = NO;
				GCC_C_LANGUAGE_STANDARD = gnu99;
				GCC_WARN_64_TO_32_BIT_CONVERSION = YES;
				GCC_WARN_ABOUT_RETURN_TYPE = YES_ERROR;
				GCC_WARN_UNDECLARED_SELECTOR = YES;
				GCC_WARN_UNINITIALIZED_AUTOS = YES;
				GCC_WARN_UNUSED_FUNCTION = YES;
				GCC_WARN_UNUSED_VARIABLE = YES;
				IPHONEOS_DEPLOYMENT_TARGET = 7.0;
				SDKROOT = iphoneos;
				VALIDATE_PRODUCT = YES;
			};
			name = Release;
		};
		019F30BC189E98B6007210C8 /* Debug */ = {
			isa = XCBuildConfiguration;
			buildSettings = {
				ASSETCATALOG_COMPILER_APPICON_NAME = AppIcon;
				ASSETCATALOG_COMPILER_LAUNCHIMAGE_NAME = LaunchImage;
				GCC_PRECOMPILE_PREFIX_HEADER = YES;
				GCC_PREFIX_HEADER = "Hypnosister/Hypnosister-Prefix.pch";
				INFOPLIST_FILE = "Hypnosister/Hypnosister-Info.plist";
				PRODUCT_NAME = "$(TARGET_NAME)";
				WRAPPER_EXTENSION = app;
			};
			name = Debug;
		};
		019F30BD189E98B6007210C8 /* Release */ = {
			isa = XCBuildConfiguration;
			buildSettings = {
				ASSETCATALOG_COMPILER_APPICON_NAME = AppIcon;
				ASSETCATALOG_COMPILER_LAUNCHIMAGE_NAME = LaunchImage;
				GCC_PRECOMPILE_PREFIX_HEADER = YES;
				GCC_PREFIX_HEADER = "Hypnosister/Hypnosister-Prefix.pch";
				INFOPLIST_FILE = "Hypnosister/Hypnosister-Info.plist";
				PRODUCT_NAME = "$(TARGET_NAME)";
				WRAPPER_EXTENSION = app;
			};
			name = Release;
		};
		019F30BF189E98B6007210C8 /* Debug */ = {
			isa = XCBuildConfiguration;
			buildSettings = {
				ARCHS = "$(ARCHS_STANDARD_INCLUDING_64_BIT)";
				BUNDLE_LOADER = "$(BUILT_PRODUCTS_DIR)/Hypnosister.app/Hypnosister";
				FRAMEWORK_SEARCH_PATHS = (
					"$(SDKROOT)/Developer/Library/Frameworks",
					"$(inherited)",
					"$(DEVELOPER_FRAMEWORKS_DIR)",
				);
				GCC_PRECOMPILE_PREFIX_HEADER = YES;
				GCC_PREFIX_HEADER = "Hypnosister/Hypnosister-Prefix.pch";
				GCC_PREPROCESSOR_DEFINITIONS = (
					"DEBUG=1",
					"$(inherited)",
				);
				INFOPLIST_FILE = "HypnosisterTests/HypnosisterTests-Info.plist";
				PRODUCT_NAME = "$(TARGET_NAME)";
				TEST_HOST = "$(BUNDLE_LOADER)";
				WRAPPER_EXTENSION = xctest;
			};
			name = Debug;
		};
		019F30C0189E98B6007210C8 /* Release */ = {
			isa = XCBuildConfiguration;
			buildSettings = {
				ARCHS = "$(ARCHS_STANDARD_INCLUDING_64_BIT)";
				BUNDLE_LOADER = "$(BUILT_PRODUCTS_DIR)/Hypnosister.app/Hypnosister";
				FRAMEWORK_SEARCH_PATHS = (
					"$(SDKROOT)/Developer/Library/Frameworks",
					"$(inherited)",
					"$(DEVELOPER_FRAMEWORKS_DIR)",
				);
				GCC_PRECOMPILE_PREFIX_HEADER = YES;
				GCC_PREFIX_HEADER = "Hypnosister/Hypnosister-Prefix.pch";
				INFOPLIST_FILE = "HypnosisterTests/HypnosisterTests-Info.plist";
				PRODUCT_NAME = "$(TARGET_NAME)";
				TEST_HOST = "$(BUNDLE_LOADER)";
				WRAPPER_EXTENSION = xctest;
			};
			name = Release;
		};
/* End XCBuildConfiguration section */

/* Begin XCConfigurationList section */
		019F308A189E98B6007210C8 /* Build configuration list for PBXProject "Hypnosister" */ = {
			isa = XCConfigurationList;
			buildConfigurations = (
				019F30B9189E98B6007210C8 /* Debug */,
				019F30BA189E98B6007210C8 /* Release */,
			);
			defaultConfigurationIsVisible = 0;
			defaultConfigurationName = Release;
		};
		019F30BB189E98B6007210C8 /* Build configuration list for PBXNativeTarget "Hypnosister" */ = {
			isa = XCConfigurationList;
			buildConfigurations = (
				019F30BC189E98B6007210C8 /* Debug */,
				019F30BD189E98B6007210C8 /* Release */,
			);
			defaultConfigurationIsVisible = 0;
		};
		019F30BE189E98B6007210C8 /* Build configuration list for PBXNativeTarget "HypnosisterTests" */ = {
			isa = XCConfigurationList;
			buildConfigurations = (
				019F30BF189E98B6007210C8 /* Debug */,
				019F30C0189E98B6007210C8 /* Release */,
			);
			defaultConfigurationIsVisible = 0;
		};
/* End XCConfigurationList section */
	};
	rootObject = 019F3087189E98B6007210C8 /* Project object */;
}
